
Microsoft Visual Studio Solution File, Format Version 12.00
# Visual Studio Version 18
VisualStudioVersion = 18.5.11626.173
MinimumVisualStudioVersion = 10.0.40219.1
Project("{FAE04EC0-301F-11D3-BF4B-00C04F79EFBC}") = "MyRAG.Core", "MyRAG.Core\MyRAG.Core.csproj", "{FBD841FF-33D1-D335-E756-476390D3F818}"
EndProject
Project("{FAE04EC0-301F-11D3-BF4B-00C04F79EFBC}") = "MyAgentFramework", "MyAgentFramework\MyAgentFramework.csproj", "{9B60DEEE-3D9B-A6FA-F6CE-BE90C2AA0280}"
EndProject
Project("{FAE04EC0-301F-11D3-BF4B-00C04F79EFBC}") = "MyRAG.VectorDb.LanceDB", "MyRAG.VectorDb.LanceDB\MyRAG.VectorDb.LanceDB.csproj", "{988D9265-DD9C-4A43-A8D5-D7140E3765AB}"
EndProject
Project("{FAE04EC0-301F-11D3-BF4B-00C04F79EFBC}") = "MyRAG.Samples", "MyRAG.Samples\MyRAG.Samples.csproj", "{8A23E16C-89D7-4951-8EB7-ADF8D11737D1}"
EndProject
Project("{2150E333-8FDC-42A3-9474-1A3956D46DE8}") = "tests", "tests", "{0AB3BF05-4346-4AA6-1389-037BE0695223}"
EndProject
Project("{FAE04EC0-301F-11D3-BF4B-00C04F79EFBC}") = "MyRAG.Core.Tests", "tests\MyRAG.Core.Tests\MyRAG.Core.Tests.csproj", "{18D49C38-BE57-4D53-A5F6-F41BD0253A5D}"
EndProject
Project("{FAE04EC0-301F-11D3-BF4B-00C04F79EFBC}") = "MyRAG.VectorDb.SqlServer", "MyRAG.VectorDb.SqlServer\MyRAG.VectorDb.SqlServer.csproj", "{25001AC1-874C-46B4-99E4-B2F24CC2D447}"
EndProject
Project("{FAE04EC0-301F-11D3-BF4B-00C04F79EFBC}") = "MyRAG.Embeddings.Onnx", "MyRAG.Embeddings.Onnx\MyRAG.Embeddings.Onnx.csproj", "{C9CEEC7B-A8CF-4CAB-848F-A23FC1F472FC}"
EndProject
Global
	GlobalSection(SolutionConfigurationPlatforms) = preSolution
		Debug|Any CPU = Debug|Any CPU
		Debug|x64 = Debug|x64
		Debug|x86 = Debug|x86
		Release|Any CPU = Release|Any CPU
		Release|x64 = Release|x64
		Release|x86 = Release|x86
	EndGlobalSection
	GlobalSection(ProjectConfigurationPlatforms) = postSolution
		{FBD841FF-33D1-D335-E756-476390D3F818}.Debug|Any CPU.ActiveCfg = Debug|Any CPU
		{FBD841FF-33D1-D335-E756-476390D3F818}.Debug|Any CPU.Build.0 = Debug|Any CPU
		{FBD841FF-33D1-D335-E756-476390D3F818}.Debug|x64.ActiveCfg = Debug|Any CPU
		{FBD841FF-33D1-D335-E756-476390D3F818}.Debug|x64.Build.0 = Debug|Any CPU
		{FBD841FF-33D1-D335-E756-476390D3F818}.Debug|x86.ActiveCfg = Debug|Any CPU
		{FBD841FF-33D1-D335-E756-476390D3F818}.Debug|x86.Build.0 = Debug|Any CPU
		{FBD841FF-33D1-D335-E756-476390D3F818}.Release|Any CPU.ActiveCfg = Release|Any CPU
		{FBD841FF-33D1-D335-E756-476390D3F818}.Release|Any CPU.Build.0 = Release|Any CPU
		{FBD841FF-33D1-D335-E756-476390D3F818}.Release|x64.ActiveCfg = Release|Any CPU
		{FBD841FF-33D1-D335-E756-476390D3F818}.Release|x64.Build.0 = Release|Any CPU
		{FBD841FF-33D1-D335-E756-476390D3F818}.Release|x86.ActiveCfg = Release|Any CPU
		{FBD841FF-33D1-D335-E756-476390D3F818}.Release|x86.Build.0 = Release|Any CPU
		{9B60DEEE-3D9B-A6FA-F6CE-BE90C2AA0280}.Debug|Any CPU.ActiveCfg = Debug|Any CPU
		{9B60DEEE-3D9B-A6FA-F6CE-BE90C2AA0280}.Debug|Any CPU.Build.0 = Debug|Any CPU
		{9B60DEEE-3D9B-A6FA-F6CE-BE90C2AA0280}.Debug|x64.ActiveCfg = Debug|Any CPU
		{9B60DEEE-3D9B-A6FA-F6CE-BE90C2AA0280}.Debug|x64.Build.0 = Debug|Any CPU
		{9B60DEEE-3D9B-A6FA-F6CE-BE90C2AA0280}.Debug|x86.ActiveCfg = Debug|Any CPU
		{9B60DEEE-3D9B-A6FA-F6CE-BE90C2AA0280}.Debug|x86.Build.0 = Debug|Any CPU
		{9B60DEEE-3D9B-A6FA-F6CE-BE90C2AA0280}.Release|Any CPU.ActiveCfg = Release|Any CPU
		{9B60DEEE-3D9B-A6FA-F6CE-BE90C2AA0280}.Release|Any CPU.Build.0 = Release|Any CPU
		{9B60DEEE-3D9B-A6FA-F6CE-BE90C2AA0280}.Release|x64.ActiveCfg = Release|Any CPU
		{9B60DEEE-3D9B-A6FA-F6CE-BE90C2AA0280}.Release|x64.Build.0 = Release|Any CPU
		{9B60DEEE-3D9B-A6FA-F6CE-BE90C2AA0280}.Release|x86.ActiveCfg = Release|Any CPU
		{9B60DEEE-3D9B-A6FA-F6CE-BE90C2AA0280}.Release|x86.Build.0 = Release|Any CPU
		{988D9265-DD9C-4A43-A8D5-D7140E3765AB}.Debug|Any CPU.ActiveCfg = Debug|Any CPU
		{988D9265-DD9C-4A43-A8D5-D7140E3765AB}.Debug|Any CPU.Build.0 = Debug|Any CPU
		{988D9265-DD9C-4A43-A8D5-D7140E3765AB}.Debug|x64.ActiveCfg = Debug|Any CPU
		{988D9265-DD9C-4A43-A8D5-D7140E3765AB}.Debug|x64.Build.0 = Debug|Any CPU
		{988D9265-DD9C-4A43-A8D5-D7140E3765AB}.Debug|x86.ActiveCfg = Debug|Any CPU
		{988D9265-DD9C-4A43-A8D5-D7140E3765AB}.Debug|x86.Build.0 = Debug|Any CPU
		{988D9265-DD9C-4A43-A8D5-D7140E3765AB}.Release|Any CPU.ActiveCfg = Release|Any CPU
		{988D9265-DD9C-4A43-A8D5-D7140E3765AB}.Release|Any CPU.Build.0 = Release|Any CPU
		{988D9265-DD9C-4A43-A8D5-D7140E3765AB}.Release|x64.ActiveCfg = Release|Any CPU
		{988D9265-DD9C-4A43-A8D5-D7140E3765AB}.Release|x64.Build.0 = Release|Any CPU
		{988D9265-DD9C-4A43-A8D5-D7140E3765AB}.Release|x86.ActiveCfg = Release|Any CPU
		{988D9265-DD9C-4A43-A8D5-D7140E3765AB}.Release|x86.Build.0 = Release|Any CPU
		{8A23E16C-89D7-4951-8EB7-ADF8D11737D1}.Debug|Any CPU.ActiveCfg = Debug|Any CPU
		{8A23E16C-89D7-4951-8EB7-ADF8D11737D1}.Debug|Any CPU.Build.0 = Debug|Any CPU
		{8A23E16C-89D7-4951-8EB7-ADF8D11737D1}.Debug|x64.ActiveCfg = Debug|Any CPU
		{8A23E16C-89D7-4951-8EB7-ADF8D11737D1}.Debug|x64.Build.0 = Debug|Any CPU
		{8A23E16C-89D7-4951-8EB7-ADF8D11737D1}.Debug|x86.ActiveCfg = Debug|Any CPU
		{8A23E16C-89D7-4951-8EB7-ADF8D11737D1}.Debug|x86.Build.0 = Debug|Any CPU
		{8A23E16C-89D7-4951-8EB7-ADF8D11737D1}.Release|Any CPU.ActiveCfg = Release|Any CPU
		{8A23E16C-89D7-4951-8EB7-ADF8D11737D1}.Release|Any CPU.Build.0 = Release|Any CPU
		{8A23E16C-89D7-4951-8EB7-ADF8D11737D1}.Release|x64.ActiveCfg = Release|Any CPU
		{8A23E16C-89D7-4951-8EB7-ADF8D11737D1}.Release|x64.Build.0 = Release|Any CPU
		{8A23E16C-89D7-4951-8EB7-ADF8D11737D1}.Release|x86.ActiveCfg = Release|Any CPU
		{8A23E16C-89D7-4951-8EB7-ADF8D11737D1}.Release|x86.Build.0 = Release|Any CPU
		{18D49C38-BE57-4D53-A5F6-F41BD0253A5D}.Debug|Any CPU.ActiveCfg = Debug|Any CPU
		{18D49C38-BE57-4D53-A5F6-F41BD0253A5D}.Debug|Any CPU.Build.0 = Debug|Any CPU
		{18D49C38-BE57-4D53-A5F6-F41BD0253A5D}.Debug|x64.ActiveCfg = Debug|Any CPU
		{18D49C38-BE57-4D53-A5F6-F41BD0253A5D}.Debug|x64.Build.0 = Debug|Any CPU
		{18D49C38-BE57-4D53-A5F6-F41BD0253A5D}.Debug|x86.ActiveCfg = Debug|Any CPU
		{18D49C38-BE57-4D53-A5F6-F41BD0253A5D}.Debug|x86.Build.0 = Debug|Any CPU
		{18D49C38-BE57-4D53-A5F6-F41BD0253A5D}.Release|Any CPU.ActiveCfg = Release|Any CPU
		{18D49C38-BE57-4D53-A5F6-F41BD0253A5D}.Release|Any CPU.Build.0 = Release|Any CPU
		{18D49C38-BE57-4D53-A5F6-F41BD0253A5D}.Release|x64.ActiveCfg = Release|Any CPU
		{18D49C38-BE57-4D53-A5F6-F41BD0253A5D}.Release|x64.Build.0 = Release|Any CPU
		{18D49C38-BE57-4D53-A5F6-F41BD0253A5D}.Release|x86.ActiveCfg = Release|Any CPU
		{18D49C38-BE57-4D53-A5F6-F41BD0253A5D}.Release|x86.Build.0 = Release|Any CPU
		{25001AC1-874C-46B4-99E4-B2F24CC2D447}.Debug|Any CPU.ActiveCfg = Debug|Any CPU
		{25001AC1-874C-46B4-99E4-B2F24CC2D447}.Debug|Any CPU.Build.0 = Debug|Any CPU
		{25001AC1-874C-46B4-99E4-B2F24CC2D447}.Debug|x64.ActiveCfg = Debug|Any CPU
		{25001AC1-874C-46B4-99E4-B2F24CC2D447}.Debug|x64.Build.0 = Debug|Any CPU
		{25001AC1-874C-46B4-99E4-B2F24CC2D447}.Debug|x86.ActiveCfg = Debug|Any CPU
		{25001AC1-874C-46B4-99E4-B2F24CC2D447}.Debug|x86.Build.0 = Debug|Any CPU
		{25001AC1-874C-46B4-99E4-B2F24CC2D447}.Release|Any CPU.ActiveCfg = Release|Any CPU
		{25001AC1-874C-46B4-99E4-B2F24CC2D447}.Release|Any CPU.Build.0 = Release|Any CPU
		{25001AC1-874C-46B4-99E4-B2F24CC2D447}.Release|x64.ActiveCfg = Release|Any CPU
		{25001AC1-874C-46B4-99E4-B2F24CC2D447}.Release|x64.Build.0 = Release|Any CPU
		{25001AC1-874C-46B4-99E4-B2F24CC2D447}.Release|x86.ActiveCfg = Release|Any CPU
		{25001AC1-874C-46B4-99E4-B2F24CC2D447}.Release|x86.Build.0 = Release|Any CPU
		{C9CEEC7B-A8CF-4CAB-848F-A23FC1F472FC}.Debug|Any CPU.ActiveCfg = Debug|Any CPU
		{C9CEEC7B-A8CF-4CAB-848F-A23FC1F472FC}.Debug|Any CPU.Build.0 = Debug|Any CPU
		{C9CEEC7B-A8CF-4CAB-848F-A23FC1F472FC}.Debug|x64.ActiveCfg = Debug|Any CPU
		{C9CEEC7B-A8CF-4CAB-848F-A23FC1F472FC}.Debug|x64.Build.0 = Debug|Any CPU
		{C9CEEC7B-A8CF-4CAB-848F-A23FC1F472FC}.Debug|x86.ActiveCfg = Debug|Any CPU
		{C9CEEC7B-A8CF-4CAB-848F-A23FC1F472FC}.Debug|x86.Build.0 = Debug|Any CPU
		{C9CEEC7B-A8CF-4CAB-848F-A23FC1F472FC}.Release|Any CPU.ActiveCfg = Release|Any CPU
		{C9CEEC7B-A8CF-4CAB-848F-A23FC1F472FC}.Release|Any CPU.Build.0 = Release|Any CPU
		{C9CEEC7B-A8CF-4CAB-848F-A23FC1F472FC}.Release|x64.ActiveCfg = Release|Any CPU
		{C9CEEC7B-A8CF-4CAB-848F-A23FC1F472FC}.Release|x64.Build.0 = Release|Any CPU
		{C9CEEC7B-A8CF-4CAB-848F-A23FC1F472FC}.Release|x86.ActiveCfg = Release|Any CPU
		{C9CEEC7B-A8CF-4CAB-848F-A23FC1F472FC}.Release|x86.Build.0 = Release|Any CPU
	EndGlobalSection
	GlobalSection(SolutionProperties) = preSolution
		HideSolutionNode = FALSE
	EndGlobalSection
	GlobalSection(NestedProjects) = preSolution
		{18D49C38-BE57-4D53-A5F6-F41BD0253A5D} = {0AB3BF05-4346-4AA6-1389-037BE0695223}
	EndGlobalSection
	GlobalSection(ExtensibilityGlobals) = postSolution
		SolutionGuid = {07A53C5B-D734-4127-AC6A-F48D6490FEC0}
	EndGlobalSection
EndGlobal
